
Microsoft Visual Studio Solution File, Format Version 12.00
# Visual Studio Version 16
VisualStudioVersion = 16.0.32228.343
MinimumVisualStudioVersion = 10.0.40219.1
Project("{9A19103F-16F7-4668-BE54-9A1E7A4F7556}") = "Event application", "Event application.csproj", "{821CEE14-EBF2-4C2A-883D-957DEDC91C59}"
EndProject
Global
	GlobalSection(SolutionConfigurationPlatforms) = preSolution
		Debug|Any CPU = Debug|Any CPU
		Release|Any CPU = Release|Any CPU
	EndGlobalSection
	GlobalSection(ProjectConfigurationPlatforms) = postSolution
		{821CEE14-EBF2-4C2A-883D-957DEDC91C59}.Debug|Any CPU.ActiveCfg = Debug|Any CPU
		{821CEE14-EBF2-4C2A-883D-957DEDC91C59}.Debug|Any CPU.Build.0 = Debug|Any CPU
		{821CEE14-EBF2-4C2A-883D-957DEDC91C59}.Release|Any CPU.ActiveCfg = Release|Any CPU
		{821CEE14-EBF2-4C2A-883D-957DEDC91C59}.Release|Any CPU.Build.0 = Release|Any CPU
	EndGlobalSection
	GlobalSection(SolutionProperties) = preSolution
		HideSolutionNode = FALSE
	EndGlobalSection
	GlobalSection(ExtensibilityGlobals) = postSolution
		SolutionGuid = {3027851A-C5C8-4631-9986-8ABEF96228FC}
	EndGlobalSection
EndGlobal
